
Microsoft Visual Studio Solution File, Format Version 12.00
# Visual Studio Version 16
VisualStudioVersion = 16.0.30804.86
MinimumVisualStudioVersion = 10.0.40219.1
Project("{FAE04EC0-301F-11D3-BF4B-00C04F79EFBC}") = "ReadOBD", "ReadOBD\ReadOBD.csproj", "{3A507562-208E-4644-97BC-26535C6B2C07}"
EndProject
Global
	GlobalSection(SolutionConfigurationPlatforms) = preSolution
		Debug|Any CPU = Debug|Any CPU
		Release|Any CPU = Release|Any CPU
	EndGlobalSection
	GlobalSection(ProjectConfigurationPlatforms) = postSolution
		{3A507562-208E-4644-97BC-26535C6B2C07}.Debug|Any CPU.ActiveCfg = Debug|Any CPU
		{3A507562-208E-4644-97BC-26535C6B2C07}.Debug|Any CPU.Build.0 = Debug|Any CPU
		{3A507562-208E-4644-97BC-26535C6B2C07}.Release|Any CPU.ActiveCfg = Release|Any CPU
		{3A507562-208E-4644-97BC-26535C6B2C07}.Release|Any CPU.Build.0 = Release|Any CPU
	EndGlobalSection
	GlobalSection(SolutionProperties) = preSolution
		HideSolutionNode = FALSE
	EndGlobalSection
	GlobalSection(ExtensibilityGlobals) = postSolution
		SolutionGuid = {EAA48AE7-80AC-4DC7-8712-B1AF006EA566}
	EndGlobalSection
EndGlobal
